
Microsoft Visual Studio Solution File, Format Version 12.00
# Visual Studio Version 16
VisualStudioVersion = 16.0.30611.23
MinimumVisualStudioVersion = 10.0.40219.1
Project("{9A19103F-16F7-4668-BE54-9A1E7A4F7556}") = "HospitalRecordBook", "HospitalRecordBook\HospitalRecordBook.csproj", "{A3D220A6-33FC-402D-9D2B-35619D2EB03F}"
EndProject
Global
	GlobalSection(SolutionConfigurationPlatforms) = preSolution
		Debug|Any CPU = Debug|Any CPU
		Release|Any CPU = Release|Any CPU
	EndGlobalSection
	GlobalSection(ProjectConfigurationPlatforms) = postSolution
		{A3D220A6-33FC-402D-9D2B-35619D2EB03F}.Debug|Any CPU.ActiveCfg = Debug|Any CPU
		{A3D220A6-33FC-402D-9D2B-35619D2EB03F}.Debug|Any CPU.Build.0 = Debug|Any CPU
		{A3D220A6-33FC-402D-9D2B-35619D2EB03F}.Release|Any CPU.ActiveCfg = Release|Any CPU
		{A3D220A6-33FC-402D-9D2B-35619D2EB03F}.Release|Any CPU.Build.0 = Release|Any CPU
	EndGlobalSection
	GlobalSection(SolutionProperties) = preSolution
		HideSolutionNode = FALSE
	EndGlobalSection
	GlobalSection(ExtensibilityGlobals) = postSolution
		SolutionGuid = {F00E96F7-AB21-4046-97BD-13991F4975AF}
	EndGlobalSection
EndGlobal
